// !$*UTF8*$!
{
	archiveVersion = 1;
	classes = {
	};
	objectVersion = 51;
	objects = {

/* Begin PBXBuildFile section */
		2514F72C25B5121300278B79 /* AppDelegate.swift in Sources */ = {isa = PBXBuildFile; fileRef = 2514F72B25B5121300278B79 /* AppDelegate.swift */; };
		2514F72E25B5121300278B79 /* SceneDelegate.swift in Sources */ = {isa = PBXBuildFile; fileRef = 2514F72D25B5121300278B79 /* SceneDelegate.swift */; };
		2514F73025B5121300278B79 /* ViewController.swift in Sources */ = {isa = PBXBuildFile; fileRef = 2514F72F25B5121300278B79 /* ViewController.swift */; };
		2514F73325B5121300278B79 /* Main.storyboard in Resources */ = {isa = PBXBuildFile; fileRef = 2514F73125B5121300278B79 /* Main.storyboard */; };
		2514F73525B5121400278B79 /* Assets.xcassets in Resources */ = {isa = PBXBuildFile; fileRef = 2514F73425B5121400278B79 /* Assets.xcassets */; };
		2514F73825B5121400278B79 /* LaunchScreen.storyboard in Resources */ = {isa = PBXBuildFile; fileRef = 2514F73625B5121400278B79 /* LaunchScreen.storyboard */; };
		2514F74825B512F200278B79 /* MainTabController.swift in Sources */ = {isa = PBXBuildFile; fileRef = 2514F74725B512F200278B79 /* MainTabController.swift */; };
		2514F74B25B51AB800278B79 /* FeedController.swift in Sources */ = {isa = PBXBuildFile; fileRef = 2514F74A25B51AB800278B79 /* FeedController.swift */; };
		2514F74F25B51AC000278B79 /* SearchController.swift in Sources */ = {isa = PBXBuildFile; fileRef = 2514F74E25B51AC000278B79 /* SearchController.swift */; };
		2514F75225B51ACE00278B79 /* ImageSelectorController.swift in Sources */ = {isa = PBXBuildFile; fileRef = 2514F75125B51ACE00278B79 /* ImageSelectorController.swift */; };
		2514F75525B51AD400278B79 /* NotificationController.swift in Sources */ = {isa = PBXBuildFile; fileRef = 2514F75425B51AD400278B79 /* NotificationController.swift */; };
		2514F75825B51ADE00278B79 /* ProfileController.swift in Sources */ = {isa = PBXBuildFile; fileRef = 2514F75725B51ADE00278B79 /* ProfileController.swift */; };
		2514F75D25B549C300278B79 /* FeedCell.swift in Sources */ = {isa = PBXBuildFile; fileRef = 2514F75C25B549C300278B79 /* FeedCell.swift */; };
		2514F76025B54B4E00278B79 /* Extensions.swift in Sources */ = {isa = PBXBuildFile; fileRef = 2514F75F25B54B4E00278B79 /* Extensions.swift */; };
		2514F76425B66F9A00278B79 /* LoginController.swift in Sources */ = {isa = PBXBuildFile; fileRef = 2514F76325B66F9A00278B79 /* LoginController.swift */; };
		2514F76825B66FA300278B79 /* RegistrationController.swift in Sources */ = {isa = PBXBuildFile; fileRef = 2514F76725B66FA300278B79 /* RegistrationController.swift */; };
		255FF89D25B67D7F007CC761 /* CustomTextField.swift in Sources */ = {isa = PBXBuildFile; fileRef = 255FF89C25B67D7F007CC761 /* CustomTextField.swift */; };
		255FF8A025B68AF8007CC761 /* AuthenticationViewModel.swift in Sources */ = {isa = PBXBuildFile; fileRef = 255FF89F25B68AF8007CC761 /* AuthenticationViewModel.swift */; };
		255FF8A325B6C213007CC761 /* GoogleService-Info.plist in Resources */ = {isa = PBXBuildFile; fileRef = 255FF8A225B6C213007CC761 /* GoogleService-Info.plist */; };
		255FF8C725B6D330007CC761 /* ImageUploader.swift in Sources */ = {isa = PBXBuildFile; fileRef = 255FF8C625B6D330007CC761 /* ImageUploader.swift */; };
		255FF8CB25B6D349007CC761 /* AuthService.swift in Sources */ = {isa = PBXBuildFile; fileRef = 255FF8CA25B6D349007CC761 /* AuthService.swift */; };
		2593274625B80D1F00DB26DF /* ProfileCell.swift in Sources */ = {isa = PBXBuildFile; fileRef = 2593274525B80D1F00DB26DF /* ProfileCell.swift */; };
		2593274925B80D3000DB26DF /* ProfileHeader.swift in Sources */ = {isa = PBXBuildFile; fileRef = 2593274825B80D3000DB26DF /* ProfileHeader.swift */; };
		51B795AC99F6AFF4FFB80935 /* Pods_InstagramCloneWS.framework in Frameworks */ = {isa = PBXBuildFile; fileRef = 3953E957CF2B0D982B1AAB41 /* Pods_InstagramCloneWS.framework */; };
/* End PBXBuildFile section */

/* Begin PBXFileReference section */
		2514F72825B5121300278B79 /* InstagramCloneWS.app */ = {isa = PBXFileReference; explicitFileType = wrapper.application; includeInIndex = 0; path = InstagramCloneWS.app; sourceTree = BUILT_PRODUCTS_DIR; };
		2514F72B25B5121300278B79 /* AppDelegate.swift */ = {isa = PBXFileReference; lastKnownFileType = sourcecode.swift; path = AppDelegate.swift; sourceTree = "<group>"; };
		2514F72D25B5121300278B79 /* SceneDelegate.swift */ = {isa = PBXFileReference; lastKnownFileType = sourcecode.swift; path = SceneDelegate.swift; sourceTree = "<group>"; };
		2514F72F25B5121300278B79 /* ViewController.swift */ = {isa = PBXFileReference; lastKnownFileType = sourcecode.swift; path = ViewController.swift; sourceTree = "<group>"; };
		2514F73225B5121300278B79 /* Base */ = {isa = PBXFileReference; lastKnownFileType = file.storyboard; name = Base; path = Base.lproj/Main.storyboard; sourceTree = "<group>"; };
		2514F73425B5121400278B79 /* Assets.xcassets */ = {isa = PBXFileReference; lastKnownFileType = folder.assetcatalog; path = Assets.xcassets; sourceTree = "<group>"; };
		2514F73725B5121400278B79 /* Base */ = {isa = PBXFileReference; lastKnownFileType = file.storyboard; name = Base; path = Base.lproj/LaunchScreen.storyboard; sourceTree = "<group>"; };
		2514F73925B5121400278B79 /* Info.plist */ = {isa = PBXFileReference; lastKnownFileType = text.plist.xml; path = Info.plist; sourceTree = "<group>"; };
		2514F74725B512F200278B79 /* MainTabController.swift */ = {isa = PBXFileReference; lastKnownFileType = sourcecode.swift; path = MainTabController.swift; sourceTree = "<group>"; };
		2514F74A25B51AB800278B79 /* FeedController.swift */ = {isa = PBXFileReference; lastKnownFileType = sourcecode.swift; path = FeedController.swift; sourceTree = "<group>"; };
		2514F74E25B51AC000278B79 /* SearchController.swift */ = {isa = PBXFileReference; lastKnownFileType = sourcecode.swift; path = SearchController.swift; sourceTree = "<group>"; };
		2514F75125B51ACE00278B79 /* ImageSelectorController.swift */ = {isa = PBXFileReference; lastKnownFileType = sourcecode.swift; path = ImageSelectorController.swift; sourceTree = "<group>"; };
		2514F75425B51AD400278B79 /* NotificationController.swift */ = {isa = PBXFileReference; lastKnownFileType = sourcecode.swift; path = NotificationController.swift; sourceTree = "<group>"; };
		2514F75725B51ADE00278B79 /* ProfileController.swift */ = {isa = PBXFileReference; lastKnownFileType = sourcecode.swift; path = ProfileController.swift; sourceTree = "<group>"; };
		2514F75C25B549C300278B79 /* FeedCell.swift */ = {isa = PBXFileReference; lastKnownFileType = sourcecode.swift; path = FeedCell.swift; sourceTree = "<group>"; };
		2514F75F25B54B4E00278B79 /* Extensions.swift */ = {isa = PBXFileReference; lastKnownFileType = sourcecode.swift; path = Extensions.swift; sourceTree = "<group>"; };
		2514F76325B66F9A00278B79 /* LoginController.swift */ = {isa = PBXFileReference; lastKnownFileType = sourcecode.swift; path = LoginController.swift; sourceTree = "<group>"; };
		2514F76725B66FA300278B79 /* RegistrationController.swift */ = {isa = PBXFileReference; lastKnownFileType = sourcecode.swift; path = RegistrationController.swift; sourceTree = "<group>"; };
		255FF89C25B67D7F007CC761 /* CustomTextField.swift */ = {isa = PBXFileReference; lastKnownFileType = sourcecode.swift; path = CustomTextField.swift; sourceTree = "<group>"; };
		255FF89F25B68AF8007CC761 /* AuthenticationViewModel.swift */ = {isa = PBXFileReference; lastKnownFileType = sourcecode.swift; path = AuthenticationViewModel.swift; sourceTree = "<group>"; };
		255FF8A225B6C213007CC761 /* GoogleService-Info.plist */ = {isa = PBXFileReference; lastKnownFileType = text.plist; path = "GoogleService-Info.plist"; sourceTree = SOURCE_ROOT; };
		255FF8C625B6D330007CC761 /* ImageUploader.swift */ = {isa = PBXFileReference; lastKnownFileType = sourcecode.swift; path = ImageUploader.swift; sourceTree = "<group>"; };
		255FF8CA25B6D349007CC761 /* AuthService.swift */ = {isa = PBXFileReference; lastKnownFileType = sourcecode.swift; path = AuthService.swift; sourceTree = "<group>"; };
		2593274525B80D1F00DB26DF /* ProfileCell.swift */ = {isa = PBXFileReference; lastKnownFileType = sourcecode.swift; path = ProfileCell.swift; sourceTree = "<group>"; };
		2593274825B80D3000DB26DF /* ProfileHeader.swift */ = {isa = PBXFileReference; lastKnownFileType = sourcecode.swift; path = ProfileHeader.swift; sourceTree = "<group>"; };
		3953E957CF2B0D982B1AAB41 /* Pods_InstagramCloneWS.framework */ = {isa = PBXFileReference; explicitFileType = wrapper.framework; includeInIndex = 0; path = Pods_InstagramCloneWS.framework; sourceTree = BUILT_PRODUCTS_DIR; };
		627DC8C2129197E1359ACFBB /* Pods-InstagramCloneWS.debug.xcconfig */ = {isa = PBXFileReference; includeInIndex = 1; lastKnownFileType = text.xcconfig; name = "Pods-InstagramCloneWS.debug.xcconfig"; path = "Target Support Files/Pods-InstagramCloneWS/Pods-InstagramCloneWS.debug.xcconfig"; sourceTree = "<group>"; };
		D5C58418FFDBB4FFE9C70D3E /* Pods-InstagramCloneWS.release.xcconfig */ = {isa = PBXFileReference; includeInIndex = 1; lastKnownFileType = text.xcconfig; name = "Pods-InstagramCloneWS.release.xcconfig"; path = "Target Support Files/Pods-InstagramCloneWS/Pods-InstagramCloneWS.release.xcconfig"; sourceTree = "<group>"; };
/* End PBXFileReference section */

/* Begin PBXFrameworksBuildPhase section */
		2514F72525B5121300278B79 /* Frameworks */ = {
			isa = PBXFrameworksBuildPhase;
			buildActionMask = 2147483647;
			files = (
				51B795AC99F6AFF4FFB80935 /* Pods_InstagramCloneWS.framework in Frameworks */,
			);
			runOnlyForDeploymentPostprocessing = 0;
		};
/* End PBXFrameworksBuildPhase section */

/* Begin PBXGroup section */
		2514F71F25B5121300278B79 = {
			isa = PBXGroup;
			children = (
				2514F72A25B5121300278B79 /* InstagramCloneWS */,
				2514F72925B5121300278B79 /* Products */,
				5C06A58C03B94A6AB168492C /* Pods */,
				7F825BB63D3820A299FB83FF /* Frameworks */,
			);
			sourceTree = "<group>";
		};
		2514F72925B5121300278B79 /* Products */ = {
			isa = PBXGroup;
			children = (
				2514F72825B5121300278B79 /* InstagramCloneWS.app */,
			);
			name = Products;
			sourceTree = "<group>";
		};
		2514F72A25B5121300278B79 /* InstagramCloneWS */ = {
			isa = PBXGroup;
			children = (
				2514F74525B5124F00278B79 /* Model */,
				2514F74425B5124D00278B79 /* View */,
				2514F74325B5124C00278B79 /* ViewModel */,
				2514F74225B5124A00278B79 /* Controller */,
				2514F74125B5124700278B79 /* API */,
				2514F74025B5123E00278B79 /* Utils */,
				2514F72B25B5121300278B79 /* AppDelegate.swift */,
				2514F72D25B5121300278B79 /* SceneDelegate.swift */,
				2514F72F25B5121300278B79 /* ViewController.swift */,
				2514F73125B5121300278B79 /* Main.storyboard */,
				2514F73425B5121400278B79 /* Assets.xcassets */,
				2514F73625B5121400278B79 /* LaunchScreen.storyboard */,
				2514F73925B5121400278B79 /* Info.plist */,
				255FF8A225B6C213007CC761 /* GoogleService-Info.plist */,
			);
			path = InstagramCloneWS;
			sourceTree = "<group>";
		};
		2514F74025B5123E00278B79 /* Utils */ = {
			isa = PBXGroup;
			children = (
				2514F75F25B54B4E00278B79 /* Extensions.swift */,
			);
			path = Utils;
			sourceTree = "<group>";
		};
		2514F74125B5124700278B79 /* API */ = {
			isa = PBXGroup;
			children = (
				255FF8C625B6D330007CC761 /* ImageUploader.swift */,
				255FF8CA25B6D349007CC761 /* AuthService.swift */,
			);
			path = API;
			sourceTree = "<group>";
		};
		2514F74225B5124A00278B79 /* Controller */ = {
			isa = PBXGroup;
			children = (
				2514F76225B66F8500278B79 /* Authentication */,
				2514F74725B512F200278B79 /* MainTabController.swift */,
				2514F75A25B51B5E00278B79 /* DetailController */,
			);
			path = Controller;
			sourceTree = "<group>";
		};
		2514F74325B5124C00278B79 /* ViewModel */ = {
			isa = PBXGroup;
			children = (
				255FF89F25B68AF8007CC761 /* AuthenticationViewModel.swift */,
			);
			path = ViewModel;
			sourceTree = "<group>";
		};
		2514F74425B5124D00278B79 /* View */ = {
			isa = PBXGroup;
			children = (
				2593274B25B80D3500DB26DF /* Profile */,
				2514F75C25B549C300278B79 /* FeedCell.swift */,
				255FF89C25B67D7F007CC761 /* CustomTextField.swift */,
			);
			path = View;
			sourceTree = "<group>";
		};
		2514F74525B5124F00278B79 /* Model */ = {
			isa = PBXGroup;
			children = (
			);
			path = Model;
			sourceTree = "<group>";
		};
		2514F75A25B51B5E00278B79 /* DetailController */ = {
			isa = PBXGroup;
			children = (
				2514F74A25B51AB800278B79 /* FeedController.swift */,
				2514F74E25B51AC000278B79 /* SearchController.swift */,
				2514F75125B51ACE00278B79 /* ImageSelectorController.swift */,
				2514F75425B51AD400278B79 /* NotificationController.swift */,
				2514F75725B51ADE00278B79 /* ProfileController.swift */,
			);
			path = DetailController;
			sourceTree = "<group>";
		};
		2514F76225B66F8500278B79 /* Authentication */ = {
			isa = PBXGroup;
			children = (
				2514F76325B66F9A00278B79 /* LoginController.swift */,
				2514F76725B66FA300278B79 /* RegistrationController.swift */,
			);
			path = Authentication;
			sourceTree = "<group>";
		};
		2593274B25B80D3500DB26DF /* Profile */ = {
			isa = PBXGroup;
			children = (
				2593274525B80D1F00DB26DF /* ProfileCell.swift */,
				2593274825B80D3000DB26DF /* ProfileHeader.swift */,
			);
			path = Profile;
			sourceTree = "<group>";
		};
		5C06A58C03B94A6AB168492C /* Pods */ = {
			isa = PBXGroup;
			children = (
				627DC8C2129197E1359ACFBB /* Pods-InstagramCloneWS.debug.xcconfig */,
				D5C58418FFDBB4FFE9C70D3E /* Pods-InstagramCloneWS.release.xcconfig */,
			);
			path = Pods;
			sourceTree = "<group>";
		};
		7F825BB63D3820A299FB83FF /* Frameworks */ = {
			isa = PBXGroup;
			children = (
				3953E957CF2B0D982B1AAB41 /* Pods_InstagramCloneWS.framework */,
			);
			name = Frameworks;
			sourceTree = "<group>";
		};
/* End PBXGroup section */

/* Begin PBXNativeTarget section */
		2514F72725B5121300278B79 /* InstagramCloneWS */ = {
			isa = PBXNativeTarget;
			buildConfigurationList = 2514F73C25B5121400278B79 /* Build configuration list for PBXNativeTarget "InstagramCloneWS" */;
			buildPhases = (
				63F9F44F5BF3B1A299650B9D /* [CP] Check Pods Manifest.lock */,
				2514F72425B5121300278B79 /* Sources */,
				2514F72525B5121300278B79 /* Frameworks */,
				2514F72625B5121300278B79 /* Resources */,
				4F8D0EE80F0C103C3EDDD36D /* [CP] Embed Pods Frameworks */,
			);
			buildRules = (
			);
			dependencies = (
			);
			name = InstagramCloneWS;
			productName = InstagramCloneWS;
			productReference = 2514F72825B5121300278B79 /* InstagramCloneWS.app */;
			productType = "com.apple.product-type.application";
		};
/* End PBXNativeTarget section */

/* Begin PBXProject section */
		2514F72025B5121300278B79 /* Project object */ = {
			isa = PBXProject;
			attributes = {
				LastSwiftUpdateCheck = 1230;
				LastUpgradeCheck = 1230;
				TargetAttributes = {
					2514F72725B5121300278B79 = {
						CreatedOnToolsVersion = 12.3;
					};
				};
			};
			buildConfigurationList = 2514F72325B5121300278B79 /* Build configuration list for PBXProject "InstagramCloneWS" */;
			compatibilityVersion = "Xcode 9.3";
			developmentRegion = en;
			hasScannedForEncodings = 0;
			knownRegions = (
				en,
				Base,
			);
			mainGroup = 2514F71F25B5121300278B79;
			productRefGroup = 2514F72925B5121300278B79 /* Products */;
			projectDirPath = "";
			projectRoot = "";
			targets = (
				2514F72725B5121300278B79 /* InstagramCloneWS */,
			);
		};
/* End PBXProject section */

/* Begin PBXResourcesBuildPhase section */
		2514F72625B5121300278B79 /* Resources */ = {
			isa = PBXResourcesBuildPhase;
			buildActionMask = 2147483647;
			files = (
				2514F73825B5121400278B79 /* LaunchScreen.storyboard in Resources */,
				255FF8A325B6C213007CC761 /* GoogleService-Info.plist in Resources */,
				2514F73525B5121400278B79 /* Assets.xcassets in Resources */,
				2514F73325B5121300278B79 /* Main.storyboard in Resources */,
			);
			runOnlyForDeploymentPostprocessing = 0;
		};
/* End PBXResourcesBuildPhase section */

/* Begin PBXShellScriptBuildPhase section */
		4F8D0EE80F0C103C3EDDD36D /* [CP] Embed Pods Frameworks */ = {
			isa = PBXShellScriptBuildPhase;
			buildActionMask = 2147483647;
			files = (
			);
			inputFileListPaths = (
				"${PODS_ROOT}/Target Support Files/Pods-InstagramCloneWS/Pods-InstagramCloneWS-frameworks-${CONFIGURATION}-input-files.xcfilelist",
			);
			name = "[CP] Embed Pods Frameworks";
			outputFileListPaths = (
				"${PODS_ROOT}/Target Support Files/Pods-InstagramCloneWS/Pods-InstagramCloneWS-frameworks-${CONFIGURATION}-output-files.xcfilelist",
			);
			runOnlyForDeploymentPostprocessing = 0;
			shellPath = /bin/sh;
			shellScript = "\"${PODS_ROOT}/Target Support Files/Pods-InstagramCloneWS/Pods-InstagramCloneWS-frameworks.sh\"\n";
			showEnvVarsInLog = 0;
		};
		63F9F44F5BF3B1A299650B9D /* [CP] Check Pods Manifest.lock */ = {
			isa = PBXShellScriptBuildPhase;
			buildActionMask = 2147483647;
			files = (
			);
			inputFileListPaths = (
			);
			inputPaths = (
				"${PODS_PODFILE_DIR_PATH}/Podfile.lock",
				"${PODS_ROOT}/Manifest.lock",
			);
			name = "[CP] Check Pods Manifest.lock";
			outputFileListPaths = (
			);
			outputPaths = (
				"$(DERIVED_FILE_DIR)/Pods-InstagramCloneWS-checkManifestLockResult.txt",
			);
			runOnlyForDeploymentPostprocessing = 0;
			shellPath = /bin/sh;
			shellScript = "diff \"${PODS_PODFILE_DIR_PATH}/Podfile.lock\" \"${PODS_ROOT}/Manifest.lock\" > /dev/null\nif [ $? != 0 ] ; then\n    # print error to STDERR\n    echo \"error: The sandbox is not in sync with the Podfile.lock. Run 'pod install' or update your CocoaPods installation.\" >&2\n    exit 1\nfi\n# This output is used by Xcode 'outputs' to avoid re-running this script phase.\necho \"SUCCESS\" > \"${SCRIPT_OUTPUT_FILE_0}\"\n";
			showEnvVarsInLog = 0;
		};
/* End PBXShellScriptBuildPhase section */

/* Begin PBXSourcesBuildPhase section */
		2514F72425B5121300278B79 /* Sources */ = {
			isa = PBXSourcesBuildPhase;
			buildActionMask = 2147483647;
			files = (
				255FF89D25B67D7F007CC761 /* CustomTextField.swift in Sources */,
				2593274925B80D3000DB26DF /* ProfileHeader.swift in Sources */,
				2514F73025B5121300278B79 /* ViewController.swift in Sources */,
				2514F76425B66F9A00278B79 /* LoginController.swift in Sources */,
				2514F75D25B549C300278B79 /* FeedCell.swift in Sources */,
				2514F75225B51ACE00278B79 /* ImageSelectorController.swift in Sources */,
				2514F75525B51AD400278B79 /* NotificationController.swift in Sources */,
				255FF8A025B68AF8007CC761 /* AuthenticationViewModel.swift in Sources */,
				2514F74F25B51AC000278B79 /* SearchController.swift in Sources */,
				2514F72C25B5121300278B79 /* AppDelegate.swift in Sources */,
				2514F75825B51ADE00278B79 /* ProfileController.swift in Sources */,
				2514F74B25B51AB800278B79 /* FeedController.swift in Sources */,
				2514F74825B512F200278B79 /* MainTabController.swift in Sources */,
				2514F76025B54B4E00278B79 /* Extensions.swift in Sources */,
				255FF8C725B6D330007CC761 /* ImageUploader.swift in Sources */,
				255FF8CB25B6D349007CC761 /* AuthService.swift in Sources */,
				2593274625B80D1F00DB26DF /* ProfileCell.swift in Sources */,
				2514F72E25B5121300278B79 /* SceneDelegate.swift in Sources */,
				2514F76825B66FA300278B79 /* RegistrationController.swift in Sources */,
			);
			runOnlyForDeploymentPostprocessing = 0;
		};
/* End PBXSourcesBuildPhase section */

/* Begin PBXVariantGroup section */
		2514F73125B5121300278B79 /* Main.storyboard */ = {
			isa = PBXVariantGroup;
			children = (
				2514F73225B5121300278B79 /* Base */,
			);
			name = Main.storyboard;
			sourceTree = "<group>";
		};
		2514F73625B5121400278B79 /* LaunchScreen.storyboard */ = {
			isa = PBXVariantGroup;
			children = (
				2514F73725B5121400278B79 /* Base */,
			);
			name = LaunchScreen.storyboard;
			sourceTree = "<group>";
		};
/* End PBXVariantGroup section */

/* Begin XCBuildConfiguration section */
		2514F73A25B5121400278B79 /* Debug */ = {
			isa = XCBuildConfiguration;
			buildSettings = {
				ALWAYS_SEARCH_USER_PATHS = NO;
				CLANG_ANALYZER_NONNULL = YES;
				CLANG_ANALYZER_NUMBER_OBJECT_CONVERSION = YES_AGGRESSIVE;
				CLANG_CXX_LANGUAGE_STANDARD = "gnu++14";
				CLANG_CXX_LIBRARY = "libc++";
				CLANG_ENABLE_MODULES = YES;
				CLANG_ENABLE_OBJC_ARC = YES;
				CLANG_ENABLE_OBJC_WEAK = YES;
				CLANG_WARN_BLOCK_CAPTURE_AUTORELEASING = YES;
				CLANG_WARN_BOOL_CONVERSION = YES;
				CLANG_WARN_COMMA = YES;
				CLANG_WARN_CONSTANT_CONVERSION = YES;
				CLANG_WARN_DEPRECATED_OBJC_IMPLEMENTATIONS = YES;
				CLANG_WARN_DIRECT_OBJC_ISA_USAGE = YES_ERROR;
				CLANG_WARN_DOCUMENTATION_COMMENTS = YES;
				CLANG_WARN_EMPTY_BODY = YES;
				CLANG_WARN_ENUM_CONVERSION = YES;
				CLANG_WARN_INFINITE_RECURSION = YES;
				CLANG_WARN_INT_CONVERSION = YES;
				CLANG_WARN_NON_LITERAL_NULL_CONVERSION = YES;
				CLANG_WARN_OBJC_IMPLICIT_RETAIN_SELF = YES;
				CLANG_WARN_OBJC_LITERAL_CONVERSION = YES;
				CLANG_WARN_OBJC_ROOT_CLASS = YES_ERROR;
				CLANG_WARN_QUOTED_INCLUDE_IN_FRAMEWORK_HEADER = YES;
				CLANG_WARN_RANGE_LOOP_ANALYSIS = YES;
				CLANG_WARN_STRICT_PROTOTYPES = YES;
				CLANG_WARN_SUSPICIOUS_MOVE = YES;
				CLANG_WARN_UNGUARDED_AVAILABILITY = YES_AGGRESSIVE;
				CLANG_WARN_UNREACHABLE_CODE = YES;
				CLANG_WARN__DUPLICATE_METHOD_MATCH = YES;
				COPY_PHASE_STRIP = NO;
				DEBUG_INFORMATION_FORMAT = dwarf;
				ENABLE_STRICT_OBJC_MSGSEND = YES;
				ENABLE_TESTABILITY = YES;
				GCC_C_LANGUAGE_STANDARD = gnu11;
				GCC_DYNAMIC_NO_PIC = NO;
				GCC_NO_COMMON_BLOCKS = YES;
				GCC_OPTIMIZATION_LEVEL = 0;
				GCC_PREPROCESSOR_DEFINITIONS = (
					"DEBUG=1",
					"$(inherited)",
				);
				GCC_WARN_64_TO_32_BIT_CONVERSION = YES;
				GCC_WARN_ABOUT_RETURN_TYPE = YES_ERROR;
				GCC_WARN_UNDECLARED_SELECTOR = YES;
				GCC_WARN_UNINITIALIZED_AUTOS = YES_AGGRESSIVE;
				GCC_WARN_UNUSED_FUNCTION = YES;
				GCC_WARN_UNUSED_VARIABLE = YES;
				IPHONEOS_DEPLOYMENT_TARGET = 14.3;
				MTL_ENABLE_DEBUG_INFO = INCLUDE_SOURCE;
				MTL_FAST_MATH = YES;
				ONLY_ACTIVE_ARCH = YES;
				SDKROOT = iphoneos;
				SWIFT_ACTIVE_COMPILATION_CONDITIONS = DEBUG;
				SWIFT_OPTIMIZATION_LEVEL = "-Onone";
			};
			name = Debug;
		};
		2514F73B25B5121400278B79 /* Release */ = {
			isa = XCBuildConfiguration;
			buildSettings = {
				ALWAYS_SEARCH_USER_PATHS = NO;
				CLANG_ANALYZER_NONNULL = YES;
				CLANG_ANALYZER_NUMBER_OBJECT_CONVERSION = YES_AGGRESSIVE;
				CLANG_CXX_LANGUAGE_STANDARD = "gnu++14";
				CLANG_CXX_LIBRARY = "libc++";
				CLANG_ENABLE_MODULES = YES;
				CLANG_ENABLE_OBJC_ARC = YES;
				CLANG_ENABLE_OBJC_WEAK = YES;
				CLANG_WARN_BLOCK_CAPTURE_AUTORELEASING = YES;
				CLANG_WARN_BOOL_CONVERSION = YES;
				CLANG_WARN_COMMA = YES;
				CLANG_WARN_CONSTANT_CONVERSION = YES;
				CLANG_WARN_DEPRECATED_OBJC_IMPLEMENTATIONS = YES;
				CLANG_WARN_DIRECT_OBJC_ISA_USAGE = YES_ERROR;
				CLANG_WARN_DOCUMENTATION_COMMENTS = YES;
				CLANG_WARN_EMPTY_BODY = YES;
				CLANG_WARN_ENUM_CONVERSION = YES;
				CLANG_WARN_INFINITE_RECURSION = YES;
				CLANG_WARN_INT_CONVERSION = YES;
				CLANG_WARN_NON_LITERAL_NULL_CONVERSION = YES;
				CLANG_WARN_OBJC_IMPLICIT_RETAIN_SELF = YES;
				CLANG_WARN_OBJC_LITERAL_CONVERSION = YES;
				CLANG_WARN_OBJC_ROOT_CLASS = YES_ERROR;
				CLANG_WARN_QUOTED_INCLUDE_IN_FRAMEWORK_HEADER = YES;
				CLANG_WARN_RANGE_LOOP_ANALYSIS = YES;
				CLANG_WARN_STRICT_PROTOTYPES = YES;
				CLANG_WARN_SUSPICIOUS_MOVE = YES;
				CLANG_WARN_UNGUARDED_AVAILABILITY = YES_AGGRESSIVE;
				CLANG_WARN_UNREACHABLE_CODE = YES;
				CLANG_WARN__DUPLICATE_METHOD_MATCH = YES;
				COPY_PHASE_STRIP = NO;
				DEBUG_INFORMATION_FORMAT = "dwarf-with-dsym";
				ENABLE_NS_ASSERTIONS = NO;
				ENABLE_STRICT_OBJC_MSGSEND = YES;
				GCC_C_LANGUAGE_STANDARD = gnu11;
				GCC_NO_COMMON_BLOCKS = YES;
				GCC_WARN_64_TO_32_BIT_CONVERSION = YES;
				GCC_WARN_ABOUT_RETURN_TYPE = YES_ERROR;
				GCC_WARN_UNDECLARED_SELECTOR = YES;
				GCC_WARN_UNINITIALIZED_AUTOS = YES_AGGRESSIVE;
				GCC_WARN_UNUSED_FUNCTION = YES;
				GCC_WARN_UNUSED_VARIABLE = YES;
				IPHONEOS_DEPLOYMENT_TARGET = 14.3;
				MTL_ENABLE_DEBUG_INFO = NO;
				MTL_FAST_MATH = YES;
				SDKROOT = iphoneos;
				SWIFT_COMPILATION_MODE = wholemodule;
				SWIFT_OPTIMIZATION_LEVEL = "-O";
				VALIDATE_PRODUCT = YES;
			};
			name = Release;
		};
		2514F73D25B5121400278B79 /* Debug */ = {
			isa = XCBuildConfiguration;
			baseConfigurationReference = 627DC8C2129197E1359ACFBB /* Pods-InstagramCloneWS.debug.xcconfig */;
			buildSettings = {
				ASSETCATALOG_COMPILER_APPICON_NAME = AppIcon;
				ASSETCATALOG_COMPILER_GLOBAL_ACCENT_COLOR_NAME = AccentColor;
				CODE_SIGN_STYLE = Automatic;
				DEVELOPMENT_TEAM = 5WAUHBZJ8Z;
				INFOPLIST_FILE = InstagramCloneWS/Info.plist;
				LD_RUNPATH_SEARCH_PATHS = (
					"$(inherited)",
					"@executable_path/Frameworks",
				);
				PRODUCT_BUNDLE_IDENTIFIER = com.InstagramCloneWS;
				PRODUCT_NAME = "$(TARGET_NAME)";
				SWIFT_VERSION = 5.0;
				TARGETED_DEVICE_FAMILY = "1,2";
			};
			name = Debug;
		};
		2514F73E25B5121400278B79 /* Release */ = {
			isa = XCBuildConfiguration;
			baseConfigurationReference = D5C58418FFDBB4FFE9C70D3E /* Pods-InstagramCloneWS.release.xcconfig */;
			buildSettings = {
				ASSETCATALOG_COMPILER_APPICON_NAME = AppIcon;
				ASSETCATALOG_COMPILER_GLOBAL_ACCENT_COLOR_NAME = AccentColor;
				CODE_SIGN_STYLE = Automatic;
				DEVELOPMENT_TEAM = 5WAUHBZJ8Z;
				INFOPLIST_FILE = InstagramCloneWS/Info.plist;
				LD_RUNPATH_SEARCH_PATHS = (
					"$(inherited)",
					"@executable_path/Frameworks",
				);
				PRODUCT_BUNDLE_IDENTIFIER = com.InstagramCloneWS;
				PRODUCT_NAME = "$(TARGET_NAME)";
				SWIFT_VERSION = 5.0;
				TARGETED_DEVICE_FAMILY = "1,2";
			};
			name = Release;
		};
/* End XCBuildConfiguration section */

/* Begin XCConfigurationList section */
		2514F72325B5121300278B79 /* Build configuration list for PBXProject "InstagramCloneWS" */ = {
			isa = XCConfigurationList;
			buildConfigurations = (
				2514F73A25B5121400278B79 /* Debug */,
				2514F73B25B5121400278B79 /* Release */,
			);
			defaultConfigurationIsVisible = 0;
			defaultConfigurationName = Release;
		};
		2514F73C25B5121400278B79 /* Build configuration list for PBXNativeTarget "InstagramCloneWS" */ = {
			isa = XCConfigurationList;
			buildConfigurations = (
				2514F73D25B5121400278B79 /* Debug */,
				2514F73E25B5121400278B79 /* Release */,
			);
			defaultConfigurationIsVisible = 0;
			defaultConfigurationName = Release;
		};
/* End XCConfigurationList section */
	};
	rootObject = 2514F72025B5121300278B79 /* Project object */;
}
